
Microsoft Visual Studio Solution File, Format Version 12.00
# Visual Studio 15
VisualStudioVersion = 15.0.28307.902
MinimumVisualStudioVersion = 10.0.40219.1
Project("{FAE04EC0-301F-11D3-BF4B-00C04F79EFBC}") = "HelloWorld", "HelloWorld\HelloWorld.csproj", "{A7D2A514-01C4-40C2-BE5A-5C4E751D85FC}"
EndProject
Global
	GlobalSection(SolutionConfigurationPlatforms) = preSolution
		Debug|Any CPU = Debug|Any CPU
		Release|Any CPU = Release|Any CPU
	EndGlobalSection
	GlobalSection(ProjectConfigurationPlatforms) = postSolution
		{A7D2A514-01C4-40C2-BE5A-5C4E751D85FC}.Debug|Any CPU.ActiveCfg = Debug|Any CPU
		{A7D2A514-01C4-40C2-BE5A-5C4E751D85FC}.Debug|Any CPU.Build.0 = Debug|Any CPU
		{A7D2A514-01C4-40C2-BE5A-5C4E751D85FC}.Release|Any CPU.ActiveCfg = Release|Any CPU
		{A7D2A514-01C4-40C2-BE5A-5C4E751D85FC}.Release|Any CPU.Build.0 = Release|Any CPU
	EndGlobalSection
	GlobalSection(SolutionProperties) = preSolution
		HideSolutionNode = FALSE
	EndGlobalSection
	GlobalSection(ExtensibilityGlobals) = postSolution
		SolutionGuid = {5EEC1F6C-3147-4BC1-96CB-41CF8DD12B49}
	EndGlobalSection
EndGlobal
